# change-workflow 制品哈希锁 v1（cw-conformance.sh lock 生成；禁止手改）
db4235b643c5b0da3dff431bffa51345864e13246c0958b644293f2e87af912e  conformance.json
5f0eca4a84c222c07c5f831560d39bcb4344215dbbabebe368d18f839d302ab3  baseline/base-bg.png
13ddb3ae1b50f500251c9da4d126de5db4f23fc4f1f0d4cd150d99b746cb8f7c  baseline/block-handle.png
741865d4bbb90db00afdf697344065d8d2718e3f2167e26421aa751fc9212e7c  baseline/block-menu.png
182d2a2708b73bb4aee61e716553d8039756fdc6b2e24b413d0ad54194c7feb3  baseline/color-flyout.png
0e83a6b95beba6d7326b28709a2b941e4b096d9f0bc0217c197e80eedd5541f5  baseline/insert-menu.png
27d47b4116f0a048c9f4c258bfaf828e724864612c21acd3ffb8fe6161e09d40  baseline/palette.png
13361c42e02861fd3831b811571e7d4ad0d593df25ada5bc95d7f2739fc87854  baseline/table-handle.png
708c461a15fc0686071216ce7c8dc86ac9158e12c95dc94174f704e68e2cf665  baseline/table-menu.png